
Microsoft Visual Studio Solution File, Format Version 12.00
# Visual Studio Version 17
VisualStudioVersion = 17.4.33213.308
MinimumVisualStudioVersion = 10.0.40219.1
Project("{FAE04EC0-301F-11D3-BF4B-00C04F79EFBC}") = "Inventarium", "Inventarium.csproj", "{6919C311-C741-4BDD-9B31-817A31BD56DE}"
EndProject
Global
	GlobalSection(SolutionConfigurationPlatforms) = preSolution
		Debug|Any CPU = Debug|Any CPU
		Release|Any CPU = Release|Any CPU
	EndGlobalSection
	GlobalSection(ProjectConfigurationPlatforms) = postSolution
		{6919C311-C741-4BDD-9B31-817A31BD56DE}.Debug|Any CPU.ActiveCfg = Debug|Any CPU
		{6919C311-C741-4BDD-9B31-817A31BD56DE}.Debug|Any CPU.Build.0 = Debug|Any CPU
		{6919C311-C741-4BDD-9B31-817A31BD56DE}.Release|Any CPU.ActiveCfg = Release|Any CPU
		{6919C311-C741-4BDD-9B31-817A31BD56DE}.Release|Any CPU.Build.0 = Release|Any CPU
	EndGlobalSection
	GlobalSection(SolutionProperties) = preSolution
		HideSolutionNode = FALSE
	EndGlobalSection
	GlobalSection(ExtensibilityGlobals) = postSolution
		SolutionGuid = {E2994A07-2B0C-4B6D-AADD-27CB97694BA9}
	EndGlobalSection
EndGlobal
